
Microsoft Visual Studio Solution File, Format Version 12.00
# Visual Studio Version 17
VisualStudioVersion = 17.7.34221.43
MinimumVisualStudioVersion = 10.0.40219.1
Project("{2150E333-8FDC-42A3-9474-1A3956D46DE8}") = "src", "src", "{932FC5B2-F22B-4967-9E6C-A4E6FBDB0151}"
EndProject
Project("{FAE04EC0-301F-11D3-BF4B-00C04F79EFBC}") = "Domain", "Domain\Domain.csproj", "{70DE52BC-0511-4C21-B924-48BCD5392F50}"
EndProject
Project("{FAE04EC0-301F-11D3-BF4B-00C04F79EFBC}") = "Infrastructure", "Infrastructure\Infrastructure.csproj", "{596BB5E6-FE45-4FB3-B806-F6FCC4FC5ABD}"
EndProject
Project("{FAE04EC0-301F-11D3-BF4B-00C04F79EFBC}") = "Application", "Application\Application.csproj", "{BEFE88C5-27E8-4A28-96A0-3EFB69554204}"
EndProject
Project("{FAE04EC0-301F-11D3-BF4B-00C04F79EFBC}") = "API", "API\API.csproj", "{BF2FE097-A7A6-48CA-B261-59F4276B4E68}"
EndProject
Global
	GlobalSection(SolutionConfigurationPlatforms) = preSolution
		Debug|Any CPU = Debug|Any CPU
		Release|Any CPU = Release|Any CPU
	EndGlobalSection
	GlobalSection(ProjectConfigurationPlatforms) = postSolution
		{70DE52BC-0511-4C21-B924-48BCD5392F50}.Debug|Any CPU.ActiveCfg = Debug|Any CPU
		{70DE52BC-0511-4C21-B924-48BCD5392F50}.Debug|Any CPU.Build.0 = Debug|Any CPU
		{70DE52BC-0511-4C21-B924-48BCD5392F50}.Release|Any CPU.ActiveCfg = Release|Any CPU
		{70DE52BC-0511-4C21-B924-48BCD5392F50}.Release|Any CPU.Build.0 = Release|Any CPU
		{596BB5E6-FE45-4FB3-B806-F6FCC4FC5ABD}.Debug|Any CPU.ActiveCfg = Debug|Any CPU
		{596BB5E6-FE45-4FB3-B806-F6FCC4FC5ABD}.Debug|Any CPU.Build.0 = Debug|Any CPU
		{596BB5E6-FE45-4FB3-B806-F6FCC4FC5ABD}.Release|Any CPU.ActiveCfg = Release|Any CPU
		{596BB5E6-FE45-4FB3-B806-F6FCC4FC5ABD}.Release|Any CPU.Build.0 = Release|Any CPU
		{BEFE88C5-27E8-4A28-96A0-3EFB69554204}.Debug|Any CPU.ActiveCfg = Debug|Any CPU
		{BEFE88C5-27E8-4A28-96A0-3EFB69554204}.Debug|Any CPU.Build.0 = Debug|Any CPU
		{BEFE88C5-27E8-4A28-96A0-3EFB69554204}.Release|Any CPU.ActiveCfg = Release|Any CPU
		{BEFE88C5-27E8-4A28-96A0-3EFB69554204}.Release|Any CPU.Build.0 = Release|Any CPU
		{BF2FE097-A7A6-48CA-B261-59F4276B4E68}.Debug|Any CPU.ActiveCfg = Debug|Any CPU
		{BF2FE097-A7A6-48CA-B261-59F4276B4E68}.Debug|Any CPU.Build.0 = Debug|Any CPU
		{BF2FE097-A7A6-48CA-B261-59F4276B4E68}.Release|Any CPU.ActiveCfg = Release|Any CPU
		{BF2FE097-A7A6-48CA-B261-59F4276B4E68}.Release|Any CPU.Build.0 = Release|Any CPU
	EndGlobalSection
	GlobalSection(SolutionProperties) = preSolution
		HideSolutionNode = FALSE
	EndGlobalSection
	GlobalSection(NestedProjects) = preSolution
		{70DE52BC-0511-4C21-B924-48BCD5392F50} = {932FC5B2-F22B-4967-9E6C-A4E6FBDB0151}
		{596BB5E6-FE45-4FB3-B806-F6FCC4FC5ABD} = {932FC5B2-F22B-4967-9E6C-A4E6FBDB0151}
		{BEFE88C5-27E8-4A28-96A0-3EFB69554204} = {932FC5B2-F22B-4967-9E6C-A4E6FBDB0151}
		{BF2FE097-A7A6-48CA-B261-59F4276B4E68} = {932FC5B2-F22B-4967-9E6C-A4E6FBDB0151}
	EndGlobalSection
	GlobalSection(ExtensibilityGlobals) = postSolution
		SolutionGuid = {7E4E0780-EC77-45CB-805B-FEE5E60B252F}
	EndGlobalSection
EndGlobal
